// !$*UTF8*$!
{
	archiveVersion = 1;
	classes = {
	};
	objectVersion = 46;
	objects = {

/* Begin PBXBuildFile section */
		A59487841DED2480008A1FEC /* SW_HexColor.m in Sources */ = {isa = PBXBuildFile; fileRef = A59487831DED2480008A1FEC /* SW_HexColor.m */; };
		A594878A1DED248B008A1FEC /* UIImage+LMImage.m in Sources */ = {isa = PBXBuildFile; fileRef = A59487871DED248B008A1FEC /* UIImage+LMImage.m */; };
		A594878B1DED248B008A1FEC /* UIImageView+ProgressBar.m in Sources */ = {isa = PBXBuildFile; fileRef = A59487891DED248B008A1FEC /* UIImageView+ProgressBar.m */; };
		A5C6C0161DE81D6400A2A1B0 /* main.m in Sources */ = {isa = PBXBuildFile; fileRef = A5C6C0151DE81D6400A2A1B0 /* main.m */; };
		A5C6C0191DE81D6400A2A1B0 /* AppDelegate.m in Sources */ = {isa = PBXBuildFile; fileRef = A5C6C0181DE81D6400A2A1B0 /* AppDelegate.m */; };
		A5C6C01C1DE81D6400A2A1B0 /* ViewController.m in Sources */ = {isa = PBXBuildFile; fileRef = A5C6C01B1DE81D6400A2A1B0 /* ViewController.m */; };
		A5C6C01F1DE81D6400A2A1B0 /* Main.storyboard in Resources */ = {isa = PBXBuildFile; fileRef = A5C6C01D1DE81D6400A2A1B0 /* Main.storyboard */; };
		A5C6C0211DE81D6400A2A1B0 /* Assets.xcassets in Resources */ = {isa = PBXBuildFile; fileRef = A5C6C0201DE81D6400A2A1B0 /* Assets.xcassets */; };
		A5C6C0241DE81D6400A2A1B0 /* LaunchScreen.storyboard in Resources */ = {isa = PBXBuildFile; fileRef = A5C6C0221DE81D6400A2A1B0 /* LaunchScreen.storyboard */; };
		A5C6C02F1DE81D6400A2A1B0 /* SDWebImage_testTests.m in Sources */ = {isa = PBXBuildFile; fileRef = A5C6C02E1DE81D6400A2A1B0 /* SDWebImage_testTests.m */; };
		A5C6C03A1DE81D6400A2A1B0 /* SDWebImage_testUITests.m in Sources */ = {isa = PBXBuildFile; fileRef = A5C6C0391DE81D6400A2A1B0 /* SDWebImage_testUITests.m */; };
		A5C6C0691DE81D7C00A2A1B0 /* MKAnnotationView+WebCache.m in Sources */ = {isa = PBXBuildFile; fileRef = A5C6C0491DE81D7C00A2A1B0 /* MKAnnotationView+WebCache.m */; };
		A5C6C06A1DE81D7C00A2A1B0 /* NSData+ImageContentType.m in Sources */ = {isa = PBXBuildFile; fileRef = A5C6C04B1DE81D7C00A2A1B0 /* NSData+ImageContentType.m */; };
		A5C6C06B1DE81D7C00A2A1B0 /* SDImageCache.m in Sources */ = {isa = PBXBuildFile; fileRef = A5C6C04D1DE81D7C00A2A1B0 /* SDImageCache.m */; };
		A5C6C06C1DE81D7C00A2A1B0 /* SDWebImageCompat.m in Sources */ = {isa = PBXBuildFile; fileRef = A5C6C04F1DE81D7C00A2A1B0 /* SDWebImageCompat.m */; };
		A5C6C06D1DE81D7C00A2A1B0 /* SDWebImageDecoder.m in Sources */ = {isa = PBXBuildFile; fileRef = A5C6C0511DE81D7C00A2A1B0 /* SDWebImageDecoder.m */; };
		A5C6C06E1DE81D7C00A2A1B0 /* SDWebImageDownloader.m in Sources */ = {isa = PBXBuildFile; fileRef = A5C6C0531DE81D7C00A2A1B0 /* SDWebImageDownloader.m */; };
		A5C6C06F1DE81D7C00A2A1B0 /* SDWebImageDownloaderOperation.m in Sources */ = {isa = PBXBuildFile; fileRef = A5C6C0551DE81D7C00A2A1B0 /* SDWebImageDownloaderOperation.m */; };
		A5C6C0701DE81D7C00A2A1B0 /* SDWebImageManager.m in Sources */ = {isa = PBXBuildFile; fileRef = A5C6C0571DE81D7C00A2A1B0 /* SDWebImageManager.m */; };
		A5C6C0711DE81D7C00A2A1B0 /* SDWebImagePrefetcher.m in Sources */ = {isa = PBXBuildFile; fileRef = A5C6C05A1DE81D7C00A2A1B0 /* SDWebImagePrefetcher.m */; };
		A5C6C0721DE81D7C00A2A1B0 /* UIButton+WebCache.m in Sources */ = {isa = PBXBuildFile; fileRef = A5C6C05C1DE81D7C00A2A1B0 /* UIButton+WebCache.m */; };
		A5C6C0731DE81D7C00A2A1B0 /* UIImage+GIF.m in Sources */ = {isa = PBXBuildFile; fileRef = A5C6C05E1DE81D7C00A2A1B0 /* UIImage+GIF.m */; };
		A5C6C0741DE81D7C00A2A1B0 /* UIImage+MultiFormat.m in Sources */ = {isa = PBXBuildFile; fileRef = A5C6C0601DE81D7C00A2A1B0 /* UIImage+MultiFormat.m */; };
		A5C6C0751DE81D7C00A2A1B0 /* UIImage+WebP.m in Sources */ = {isa = PBXBuildFile; fileRef = A5C6C0621DE81D7C00A2A1B0 /* UIImage+WebP.m */; };
		A5C6C0761DE81D7C00A2A1B0 /* UIImageView+HighlightedWebCache.m in Sources */ = {isa = PBXBuildFile; fileRef = A5C6C0641DE81D7C00A2A1B0 /* UIImageView+HighlightedWebCache.m */; };
		A5C6C0771DE81D7C00A2A1B0 /* UIImageView+WebCache.m in Sources */ = {isa = PBXBuildFile; fileRef = A5C6C0661DE81D7C00A2A1B0 /* UIImageView+WebCache.m */; };
		A5C6C0781DE81D7C00A2A1B0 /* UIView+WebCacheOperation.m in Sources */ = {isa = PBXBuildFile; fileRef = A5C6C0681DE81D7C00A2A1B0 /* UIView+WebCacheOperation.m */; };
/* End PBXBuildFile section */

/* Begin PBXContainerItemProxy section */
		A5C6C02B1DE81D6400A2A1B0 /* PBXContainerItemProxy */ = {
			isa = PBXContainerItemProxy;
			containerPortal = A5C6C0091DE81D6400A2A1B0 /* Project object */;
			proxyType = 1;
			remoteGlobalIDString = A5C6C0101DE81D6400A2A1B0;
			remoteInfo = SDWebImage_test;
		};
		A5C6C0361DE81D6400A2A1B0 /* PBXContainerItemProxy */ = {
			isa = PBXContainerItemProxy;
			containerPortal = A5C6C0091DE81D6400A2A1B0 /* Project object */;
			proxyType = 1;
			remoteGlobalIDString = A5C6C0101DE81D6400A2A1B0;
			remoteInfo = SDWebImage_test;
		};
/* End PBXContainerItemProxy section */

/* Begin PBXFileReference section */
		A59487821DED2480008A1FEC /* SW_HexColor.h */ = {isa = PBXFileReference; fileEncoding = 4; lastKnownFileType = sourcecode.c.h; path = SW_HexColor.h; sourceTree = "<group>"; };
		A59487831DED2480008A1FEC /* SW_HexColor.m */ = {isa = PBXFileReference; fileEncoding = 4; lastKnownFileType = sourcecode.c.objc; path = SW_HexColor.m; sourceTree = "<group>"; };
		A59487861DED248B008A1FEC /* UIImage+LMImage.h */ = {isa = PBXFileReference; fileEncoding = 4; lastKnownFileType = sourcecode.c.h; path = "UIImage+LMImage.h"; sourceTree = "<group>"; };
		A59487871DED248B008A1FEC /* UIImage+LMImage.m */ = {isa = PBXFileReference; fileEncoding = 4; lastKnownFileType = sourcecode.c.objc; path = "UIImage+LMImage.m"; sourceTree = "<group>"; };
		A59487881DED248B008A1FEC /* UIImageView+ProgressBar.h */ = {isa = PBXFileReference; fileEncoding = 4; lastKnownFileType = sourcecode.c.h; path = "UIImageView+ProgressBar.h"; sourceTree = "<group>"; };
		A59487891DED248B008A1FEC /* UIImageView+ProgressBar.m */ = {isa = PBXFileReference; fileEncoding = 4; lastKnownFileType = sourcecode.c.objc; path = "UIImageView+ProgressBar.m"; sourceTree = "<group>"; };
		A5C6C0111DE81D6400A2A1B0 /* SDWebImage_test.app */ = {isa = PBXFileReference; explicitFileType = wrapper.application; includeInIndex = 0; path = SDWebImage_test.app; sourceTree = BUILT_PRODUCTS_DIR; };
		A5C6C0151DE81D6400A2A1B0 /* main.m */ = {isa = PBXFileReference; lastKnownFileType = sourcecode.c.objc; path = main.m; sourceTree = "<group>"; };
		A5C6C0171DE81D6400A2A1B0 /* AppDelegate.h */ = {isa = PBXFileReference; lastKnownFileType = sourcecode.c.h; path = AppDelegate.h; sourceTree = "<group>"; };
		A5C6C0181DE81D6400A2A1B0 /* AppDelegate.m */ = {isa = PBXFileReference; lastKnownFileType = sourcecode.c.objc; path = AppDelegate.m; sourceTree = "<group>"; };
		A5C6C01A1DE81D6400A2A1B0 /* ViewController.h */ = {isa = PBXFileReference; lastKnownFileType = sourcecode.c.h; path = ViewController.h; sourceTree = "<group>"; };
		A5C6C01B1DE81D6400A2A1B0 /* ViewController.m */ = {isa = PBXFileReference; lastKnownFileType = sourcecode.c.objc; path = ViewController.m; sourceTree = "<group>"; };
		A5C6C01E1DE81D6400A2A1B0 /* Base */ = {isa = PBXFileReference; lastKnownFileType = file.storyboard; name = Base; path = Base.lproj/Main.storyboard; sourceTree = "<group>"; };
		A5C6C0201DE81D6400A2A1B0 /* Assets.xcassets */ = {isa = PBXFileReference; lastKnownFileType = folder.assetcatalog; path = Assets.xcassets; sourceTree = "<group>"; };
		A5C6C0231DE81D6400A2A1B0 /* Base */ = {isa = PBXFileReference; lastKnownFileType = file.storyboard; name = Base; path = Base.lproj/LaunchScreen.storyboard; sourceTree = "<group>"; };
		A5C6C0251DE81D6400A2A1B0 /* Info.plist */ = {isa = PBXFileReference; lastKnownFileType = text.plist.xml; path = Info.plist; sourceTree = "<group>"; };
		A5C6C02A1DE81D6400A2A1B0 /* SDWebImage_testTests.xctest */ = {isa = PBXFileReference; explicitFileType = wrapper.cfbundle; includeInIndex = 0; path = SDWebImage_testTests.xctest; sourceTree = BUILT_PRODUCTS_DIR; };
		A5C6C02E1DE81D6400A2A1B0 /* SDWebImage_testTests.m */ = {isa = PBXFileReference; lastKnownFileType = sourcecode.c.objc; path = SDWebImage_testTests.m; sourceTree = "<group>"; };
		A5C6C0301DE81D6400A2A1B0 /* Info.plist */ = {isa = PBXFileReference; lastKnownFileType = text.plist.xml; path = Info.plist; sourceTree = "<group>"; };
		A5C6C0351DE81D6400A2A1B0 /* SDWebImage_testUITests.xctest */ = {isa = PBXFileReference; explicitFileType = wrapper.cfbundle; includeInIndex = 0; path = SDWebImage_testUITests.xctest; sourceTree = BUILT_PRODUCTS_DIR; };
		A5C6C0391DE81D6400A2A1B0 /* SDWebImage_testUITests.m */ = {isa = PBXFileReference; lastKnownFileType = sourcecode.c.objc; path = SDWebImage_testUITests.m; sourceTree = "<group>"; };
		A5C6C03B1DE81D6400A2A1B0 /* Info.plist */ = {isa = PBXFileReference; lastKnownFileType = text.plist.xml; path = Info.plist; sourceTree = "<group>"; };
		A5C6C0481DE81D7C00A2A1B0 /* MKAnnotationView+WebCache.h */ = {isa = PBXFileReference; fileEncoding = 4; lastKnownFileType = sourcecode.c.h; path = "MKAnnotationView+WebCache.h"; sourceTree = "<group>"; };
		A5C6C0491DE81D7C00A2A1B0 /* MKAnnotationView+WebCache.m */ = {isa = PBXFileReference; fileEncoding = 4; lastKnownFileType = sourcecode.c.objc; path = "MKAnnotationView+WebCache.m"; sourceTree = "<group>"; };
		A5C6C04A1DE81D7C00A2A1B0 /* NSData+ImageContentType.h */ = {isa = PBXFileReference; fileEncoding = 4; lastKnownFileType = sourcecode.c.h; path = "NSData+ImageContentType.h"; sourceTree = "<group>"; };
		A5C6C04B1DE81D7C00A2A1B0 /* NSData+ImageContentType.m */ = {isa = PBXFileReference; fileEncoding = 4; lastKnownFileType = sourcecode.c.objc; path = "NSData+ImageContentType.m"; sourceTree = "<group>"; };
		A5C6C04C1DE81D7C00A2A1B0 /* SDImageCache.h */ = {isa = PBXFileReference; fileEncoding = 4; lastKnownFileType = sourcecode.c.h; path = SDImageCache.h; sourceTree = "<group>"; };
		A5C6C04D1DE81D7C00A2A1B0 /* SDImageCache.m */ = {isa = PBXFileReference; fileEncoding = 4; lastKnownFileType = sourcecode.c.objc; path = SDImageCache.m; sourceTree = "<group>"; };
		A5C6C04E1DE81D7C00A2A1B0 /* SDWebImageCompat.h */ = {isa = PBXFileReference; fileEncoding = 4; lastKnownFileType = sourcecode.c.h; path = SDWebImageCompat.h; sourceTree = "<group>"; };
		A5C6C04F1DE81D7C00A2A1B0 /* SDWebImageCompat.m */ = {isa = PBXFileReference; fileEncoding = 4; lastKnownFileType = sourcecode.c.objc; path = SDWebImageCompat.m; sourceTree = "<group>"; };
		A5C6C0501DE81D7C00A2A1B0 /* SDWebImageDecoder.h */ = {isa = PBXFileReference; fileEncoding = 4; lastKnownFileType = sourcecode.c.h; path = SDWebImageDecoder.h; sourceTree = "<group>"; };
		A5C6C0511DE81D7C00A2A1B0 /* SDWebImageDecoder.m */ = {isa = PBXFileReference; fileEncoding = 4; lastKnownFileType = sourcecode.c.objc; path = SDWebImageDecoder.m; sourceTree = "<group>"; };
		A5C6C0521DE81D7C00A2A1B0 /* SDWebImageDownloader.h */ = {isa = PBXFileReference; fileEncoding = 4; lastKnownFileType = sourcecode.c.h; path = SDWebImageDownloader.h; sourceTree = "<group>"; };
		A5C6C0531DE81D7C00A2A1B0 /* SDWebImageDownloader.m */ = {isa = PBXFileReference; fileEncoding = 4; lastKnownFileType = sourcecode.c.objc; path = SDWebImageDownloader.m; sourceTree = "<group>"; };
		A5C6C0541DE81D7C00A2A1B0 /* SDWebImageDownloaderOperation.h */ = {isa = PBXFileReference; fileEncoding = 4; lastKnownFileType = sourcecode.c.h; path = SDWebImageDownloaderOperation.h; sourceTree = "<group>"; };
		A5C6C0551DE81D7C00A2A1B0 /* SDWebImageDownloaderOperation.m */ = {isa = PBXFileReference; fileEncoding = 4; lastKnownFileType = sourcecode.c.objc; path = SDWebImageDownloaderOperation.m; sourceTree = "<group>"; };
		A5C6C0561DE81D7C00A2A1B0 /* SDWebImageManager.h */ = {isa = PBXFileReference; fileEncoding = 4; lastKnownFileType = sourcecode.c.h; path = SDWebImageManager.h; sourceTree = "<group>"; };
		A5C6C0571DE81D7C00A2A1B0 /* SDWebImageManager.m */ = {isa = PBXFileReference; fileEncoding = 4; lastKnownFileType = sourcecode.c.objc; path = SDWebImageManager.m; sourceTree = "<group>"; };
		A5C6C0581DE81D7C00A2A1B0 /* SDWebImageOperation.h */ = {isa = PBXFileReference; fileEncoding = 4; lastKnownFileType = sourcecode.c.h; path = SDWebImageOperation.h; sourceTree = "<group>"; };
		A5C6C0591DE81D7C00A2A1B0 /* SDWebImagePrefetcher.h */ = {isa = PBXFileReference; fileEncoding = 4; lastKnownFileType = sourcecode.c.h; path = SDWebImagePrefetcher.h; sourceTree = "<group>"; };
		A5C6C05A1DE81D7C00A2A1B0 /* SDWebImagePrefetcher.m */ = {isa = PBXFileReference; fileEncoding = 4; lastKnownFileType = sourcecode.c.objc; path = SDWebImagePrefetcher.m; sourceTree = "<group>"; };
		A5C6C05B1DE81D7C00A2A1B0 /* UIButton+WebCache.h */ = {isa = PBXFileReference; fileEncoding = 4; lastKnownFileType = sourcecode.c.h; path = "UIButton+WebCache.h"; sourceTree = "<group>"; };
		A5C6C05C1DE81D7C00A2A1B0 /* UIButton+WebCache.m */ = {isa = PBXFileReference; fileEncoding = 4; lastKnownFileType = sourcecode.c.objc; path = "UIButton+WebCache.m"; sourceTree = "<group>"; };
		A5C6C05D1DE81D7C00A2A1B0 /* UIImage+GIF.h */ = {isa = PBXFileReference; fileEncoding = 4; lastKnownFileType = sourcecode.c.h; path = "UIImage+GIF.h"; sourceTree = "<group>"; };
		A5C6C05E1DE81D7C00A2A1B0 /* UIImage+GIF.m */ = {isa = PBXFileReference; fileEncoding = 4; lastKnownFileType = sourcecode.c.objc; path = "UIImage+GIF.m"; sourceTree = "<group>"; };
		A5C6C05F1DE81D7C00A2A1B0 /* UIImage+MultiFormat.h */ = {isa = PBXFileReference; fileEncoding = 4; lastKnownFileType = sourcecode.c.h; path = "UIImage+MultiFormat.h"; sourceTree = "<group>"; };
		A5C6C0601DE81D7C00A2A1B0 /* UIImage+MultiFormat.m */ = {isa = PBXFileReference; fileEncoding = 4; lastKnownFileType = sourcecode.c.objc; path = "UIImage+MultiFormat.m"; sourceTree = "<group>"; };
		A5C6C0611DE81D7C00A2A1B0 /* UIImage+WebP.h */ = {isa = PBXFileReference; fileEncoding = 4; lastKnownFileType = sourcecode.c.h; path = "UIImage+WebP.h"; sourceTree = "<group>"; };
		A5C6C0621DE81D7C00A2A1B0 /* UIImage+WebP.m */ = {isa = PBXFileReference; fileEncoding = 4; lastKnownFileType = sourcecode.c.objc; path = "UIImage+WebP.m"; sourceTree = "<group>"; };
		A5C6C0631DE81D7C00A2A1B0 /* UIImageView+HighlightedWebCache.h */ = {isa = PBXFileReference; fileEncoding = 4; lastKnownFileType = sourcecode.c.h; path = "UIImageView+HighlightedWebCache.h"; sourceTree = "<group>"; };
		A5C6C0641DE81D7C00A2A1B0 /* UIImageView+HighlightedWebCache.m */ = {isa = PBXFileReference; fileEncoding = 4; lastKnownFileType = sourcecode.c.objc; path = "UIImageView+HighlightedWebCache.m"; sourceTree = "<group>"; };
		A5C6C0651DE81D7C00A2A1B0 /* UIImageView+WebCache.h */ = {isa = PBXFileReference; fileEncoding = 4; lastKnownFileType = sourcecode.c.h; path = "UIImageView+WebCache.h"; sourceTree = "<group>"; };
		A5C6C0661DE81D7C00A2A1B0 /* UIImageView+WebCache.m */ = {isa = PBXFileReference; fileEncoding = 4; lastKnownFileType = sourcecode.c.objc; path = "UIImageView+WebCache.m"; sourceTree = "<group>"; };
		A5C6C0671DE81D7C00A2A1B0 /* UIView+WebCacheOperation.h */ = {isa = PBXFileReference; fileEncoding = 4; lastKnownFileType = sourcecode.c.h; path = "UIView+WebCacheOperation.h"; sourceTree = "<group>"; };
		A5C6C0681DE81D7C00A2A1B0 /* UIView+WebCacheOperation.m */ = {isa = PBXFileReference; fileEncoding = 4; lastKnownFileType = sourcecode.c.objc; path = "UIView+WebCacheOperation.m"; sourceTree = "<group>"; };
		A5C6C0791DE831FC00A2A1B0 /* PrefixHeader.pch */ = {isa = PBXFileReference; lastKnownFileType = sourcecode.c.h; path = PrefixHeader.pch; sourceTree = "<group>"; };
/* End PBXFileReference section */

/* Begin PBXFrameworksBuildPhase section */
		A5C6C00E1DE81D6400A2A1B0 /* Frameworks */ = {
			isa = PBXFrameworksBuildPhase;
			buildActionMask = 2147483647;
			files = (
			);
			runOnlyForDeploymentPostprocessing = 0;
		};
		A5C6C0271DE81D6400A2A1B0 /* Frameworks */ = {
			isa = PBXFrameworksBuildPhase;
			buildActionMask = 2147483647;
			files = (
			);
			runOnlyForDeploymentPostprocessing = 0;
		};
		A5C6C0321DE81D6400A2A1B0 /* Frameworks */ = {
			isa = PBXFrameworksBuildPhase;
			buildActionMask = 2147483647;
			files = (
			);
			runOnlyForDeploymentPostprocessing = 0;
		};
/* End PBXFrameworksBuildPhase section */

/* Begin PBXGroup section */
		A59487811DED2480008A1FEC /* 工具类 */ = {
			isa = PBXGroup;
			children = (
				A59487821DED2480008A1FEC /* SW_HexColor.h */,
				A59487831DED2480008A1FEC /* SW_HexColor.m */,
			);
			path = "工具类";
			sourceTree = "<group>";
		};
		A59487851DED248B008A1FEC /* 扩展类 */ = {
			isa = PBXGroup;
			children = (
				A59487861DED248B008A1FEC /* UIImage+LMImage.h */,
				A59487871DED248B008A1FEC /* UIImage+LMImage.m */,
				A59487881DED248B008A1FEC /* UIImageView+ProgressBar.h */,
				A59487891DED248B008A1FEC /* UIImageView+ProgressBar.m */,
			);
			path = "扩展类";
			sourceTree = "<group>";
		};
		A5C6C0081DE81D6400A2A1B0 = {
			isa = PBXGroup;
			children = (
				A5C6C0131DE81D6400A2A1B0 /* SDWebImage_test */,
				A5C6C02D1DE81D6400A2A1B0 /* SDWebImage_testTests */,
				A5C6C0381DE81D6400A2A1B0 /* SDWebImage_testUITests */,
				A5C6C0121DE81D6400A2A1B0 /* Products */,
			);
			sourceTree = "<group>";
		};
		A5C6C0121DE81D6400A2A1B0 /* Products */ = {
			isa = PBXGroup;
			children = (
				A5C6C0111DE81D6400A2A1B0 /* SDWebImage_test.app */,
				A5C6C02A1DE81D6400A2A1B0 /* SDWebImage_testTests.xctest */,
				A5C6C0351DE81D6400A2A1B0 /* SDWebImage_testUITests.xctest */,
			);
			name = Products;
			sourceTree = "<group>";
		};
		A5C6C0131DE81D6400A2A1B0 /* SDWebImage_test */ = {
			isa = PBXGroup;
			children = (
				A59487851DED248B008A1FEC /* 扩展类 */,
				A59487811DED2480008A1FEC /* 工具类 */,
				A5C6C0471DE81D7C00A2A1B0 /* SDWebImage */,
				A5C6C0171DE81D6400A2A1B0 /* AppDelegate.h */,
				A5C6C0181DE81D6400A2A1B0 /* AppDelegate.m */,
				A5C6C01A1DE81D6400A2A1B0 /* ViewController.h */,
				A5C6C01B1DE81D6400A2A1B0 /* ViewController.m */,
				A5C6C01D1DE81D6400A2A1B0 /* Main.storyboard */,
				A5C6C0201DE81D6400A2A1B0 /* Assets.xcassets */,
				A5C6C0221DE81D6400A2A1B0 /* LaunchScreen.storyboard */,
				A5C6C0251DE81D6400A2A1B0 /* Info.plist */,
				A5C6C0141DE81D6400A2A1B0 /* Supporting Files */,
			);
			path = SDWebImage_test;
			sourceTree = "<group>";
		};
		A5C6C0141DE81D6400A2A1B0 /* Supporting Files */ = {
			isa = PBXGroup;
			children = (
				A5C6C0151DE81D6400A2A1B0 /* main.m */,
				A5C6C0791DE831FC00A2A1B0 /* PrefixHeader.pch */,
			);
			name = "Supporting Files";
			sourceTree = "<group>";
		};
		A5C6C02D1DE81D6400A2A1B0 /* SDWebImage_testTests */ = {
			isa = PBXGroup;
			children = (
				A5C6C02E1DE81D6400A2A1B0 /* SDWebImage_testTests.m */,
				A5C6C0301DE81D6400A2A1B0 /* Info.plist */,
			);
			path = SDWebImage_testTests;
			sourceTree = "<group>";
		};
		A5C6C0381DE81D6400A2A1B0 /* SDWebImage_testUITests */ = {
			isa = PBXGroup;
			children = (
				A5C6C0391DE81D6400A2A1B0 /* SDWebImage_testUITests.m */,
				A5C6C03B1DE81D6400A2A1B0 /* Info.plist */,
			);
			path = SDWebImage_testUITests;
			sourceTree = "<group>";
		};
		A5C6C0471DE81D7C00A2A1B0 /* SDWebImage */ = {
			isa = PBXGroup;
			children = (
				A5C6C0481DE81D7C00A2A1B0 /* MKAnnotationView+WebCache.h */,
				A5C6C0491DE81D7C00A2A1B0 /* MKAnnotationView+WebCache.m */,
				A5C6C04A1DE81D7C00A2A1B0 /* NSData+ImageContentType.h */,
				A5C6C04B1DE81D7C00A2A1B0 /* NSData+ImageContentType.m */,
				A5C6C04C1DE81D7C00A2A1B0 /* SDImageCache.h */,
				A5C6C04D1DE81D7C00A2A1B0 /* SDImageCache.m */,
				A5C6C04E1DE81D7C00A2A1B0 /* SDWebImageCompat.h */,
				A5C6C04F1DE81D7C00A2A1B0 /* SDWebImageCompat.m */,
				A5C6C0501DE81D7C00A2A1B0 /* SDWebImageDecoder.h */,
				A5C6C0511DE81D7C00A2A1B0 /* SDWebImageDecoder.m */,
				A5C6C0521DE81D7C00A2A1B0 /* SDWebImageDownloader.h */,
				A5C6C0531DE81D7C00A2A1B0 /* SDWebImageDownloader.m */,
				A5C6C0541DE81D7C00A2A1B0 /* SDWebImageDownloaderOperation.h */,
				A5C6C0551DE81D7C00A2A1B0 /* SDWebImageDownloaderOperation.m */,
				A5C6C0561DE81D7C00A2A1B0 /* SDWebImageManager.h */,
				A5C6C0571DE81D7C00A2A1B0 /* SDWebImageManager.m */,
				A5C6C0581DE81D7C00A2A1B0 /* SDWebImageOperation.h */,
				A5C6C0591DE81D7C00A2A1B0 /* SDWebImagePrefetcher.h */,
				A5C6C05A1DE81D7C00A2A1B0 /* SDWebImagePrefetcher.m */,
				A5C6C05B1DE81D7C00A2A1B0 /* UIButton+WebCache.h */,
				A5C6C05C1DE81D7C00A2A1B0 /* UIButton+WebCache.m */,
				A5C6C05D1DE81D7C00A2A1B0 /* UIImage+GIF.h */,
				A5C6C05E1DE81D7C00A2A1B0 /* UIImage+GIF.m */,
				A5C6C05F1DE81D7C00A2A1B0 /* UIImage+MultiFormat.h */,
				A5C6C0601DE81D7C00A2A1B0 /* UIImage+MultiFormat.m */,
				A5C6C0611DE81D7C00A2A1B0 /* UIImage+WebP.h */,
				A5C6C0621DE81D7C00A2A1B0 /* UIImage+WebP.m */,
				A5C6C0631DE81D7C00A2A1B0 /* UIImageView+HighlightedWebCache.h */,
				A5C6C0641DE81D7C00A2A1B0 /* UIImageView+HighlightedWebCache.m */,
				A5C6C0651DE81D7C00A2A1B0 /* UIImageView+WebCache.h */,
				A5C6C0661DE81D7C00A2A1B0 /* UIImageView+WebCache.m */,
				A5C6C0671DE81D7C00A2A1B0 /* UIView+WebCacheOperation.h */,
				A5C6C0681DE81D7C00A2A1B0 /* UIView+WebCacheOperation.m */,
			);
			path = SDWebImage;
			sourceTree = "<group>";
		};
/* End PBXGroup section */

/* Begin PBXNativeTarget section */
		A5C6C0101DE81D6400A2A1B0 /* SDWebImage_test */ = {
			isa = PBXNativeTarget;
			buildConfigurationList = A5C6C03E1DE81D6400A2A1B0 /* Build configuration list for PBXNativeTarget "SDWebImage_test" */;
			buildPhases = (
				A5C6C00D1DE81D6400A2A1B0 /* Sources */,
				A5C6C00E1DE81D6400A2A1B0 /* Frameworks */,
				A5C6C00F1DE81D6400A2A1B0 /* Resources */,
			);
			buildRules = (
			);
			dependencies = (
			);
			name = SDWebImage_test;
			productName = SDWebImage_test;
			productReference = A5C6C0111DE81D6400A2A1B0 /* SDWebImage_test.app */;
			productType = "com.apple.product-type.application";
		};
		A5C6C0291DE81D6400A2A1B0 /* SDWebImage_testTests */ = {
			isa = PBXNativeTarget;
			buildConfigurationList = A5C6C0411DE81D6400A2A1B0 /* Build configuration list for PBXNativeTarget "SDWebImage_testTests" */;
			buildPhases = (
				A5C6C0261DE81D6400A2A1B0 /* Sources */,
				A5C6C0271DE81D6400A2A1B0 /* Frameworks */,
				A5C6C0281DE81D6400A2A1B0 /* Resources */,
			);
			buildRules = (
			);
			dependencies = (
				A5C6C02C1DE81D6400A2A1B0 /* PBXTargetDependency */,
			);
			name = SDWebImage_testTests;
			productName = SDWebImage_testTests;
			productReference = A5C6C02A1DE81D6400A2A1B0 /* SDWebImage_testTests.xctest */;
			productType = "com.apple.product-type.bundle.unit-test";
		};
		A5C6C0341DE81D6400A2A1B0 /* SDWebImage_testUITests */ = {
			isa = PBXNativeTarget;
			buildConfigurationList = A5C6C0441DE81D6400A2A1B0 /* Build configuration list for PBXNativeTarget "SDWebImage_testUITests" */;
			buildPhases = (
				A5C6C0311DE81D6400A2A1B0 /* Sources */,
				A5C6C0321DE81D6400A2A1B0 /* Frameworks */,
				A5C6C0331DE81D6400A2A1B0 /* Resources */,
			);
			buildRules = (
			);
			dependencies = (
				A5C6C0371DE81D6400A2A1B0 /* PBXTargetDependency */,
			);
			name = SDWebImage_testUITests;
			productName = SDWebImage_testUITests;
			productReference = A5C6C0351DE81D6400A2A1B0 /* SDWebImage_testUITests.xctest */;
			productType = "com.apple.product-type.bundle.ui-testing";
		};
/* End PBXNativeTarget section */

/* Begin PBXProject section */
		A5C6C0091DE81D6400A2A1B0 /* Project object */ = {
			isa = PBXProject;
			attributes = {
				LastUpgradeCheck = 0810;
				ORGANIZATIONNAME = ysw.com;
				TargetAttributes = {
					A5C6C0101DE81D6400A2A1B0 = {
						CreatedOnToolsVersion = 8.1;
						DevelopmentTeam = Y9C893H7FQ;
						ProvisioningStyle = Automatic;
					};
					A5C6C0291DE81D6400A2A1B0 = {
						CreatedOnToolsVersion = 8.1;
						DevelopmentTeam = Y9C893H7FQ;
						ProvisioningStyle = Automatic;
						TestTargetID = A5C6C0101DE81D6400A2A1B0;
					};
					A5C6C0341DE81D6400A2A1B0 = {
						CreatedOnToolsVersion = 8.1;
						DevelopmentTeam = Y9C893H7FQ;
						ProvisioningStyle = Automatic;
						TestTargetID = A5C6C0101DE81D6400A2A1B0;
					};
				};
			};
			buildConfigurationList = A5C6C00C1DE81D6400A2A1B0 /* Build configuration list for PBXProject "SDWebImage_test" */;
			compatibilityVersion = "Xcode 3.2";
			developmentRegion = English;
			hasScannedForEncodings = 0;
			knownRegions = (
				en,
				Base,
			);
			mainGroup = A5C6C0081DE81D6400A2A1B0;
			productRefGroup = A5C6C0121DE81D6400A2A1B0 /* Products */;
			projectDirPath = "";
			projectRoot = "";
			targets = (
				A5C6C0101DE81D6400A2A1B0 /* SDWebImage_test */,
				A5C6C0291DE81D6400A2A1B0 /* SDWebImage_testTests */,
				A5C6C0341DE81D6400A2A1B0 /* SDWebImage_testUITests */,
			);
		};
/* End PBXProject section */

/* Begin PBXResourcesBuildPhase section */
		A5C6C00F1DE81D6400A2A1B0 /* Resources */ = {
			isa = PBXResourcesBuildPhase;
			buildActionMask = 2147483647;
			files = (
				A5C6C0241DE81D6400A2A1B0 /* LaunchScreen.storyboard in Resources */,
				A5C6C0211DE81D6400A2A1B0 /* Assets.xcassets in Resources */,
				A5C6C01F1DE81D6400A2A1B0 /* Main.storyboard in Resources */,
			);
			runOnlyForDeploymentPostprocessing = 0;
		};
		A5C6C0281DE81D6400A2A1B0 /* Resources */ = {
			isa = PBXResourcesBuildPhase;
			buildActionMask = 2147483647;
			files = (
			);
			runOnlyForDeploymentPostprocessing = 0;
		};
		A5C6C0331DE81D6400A2A1B0 /* Resources */ = {
			isa = PBXResourcesBuildPhase;
			buildActionMask = 2147483647;
			files = (
			);
			runOnlyForDeploymentPostprocessing = 0;
		};
/* End PBXResourcesBuildPhase section */

/* Begin PBXSourcesBuildPhase section */
		A5C6C00D1DE81D6400A2A1B0 /* Sources */ = {
			isa = PBXSourcesBuildPhase;
			buildActionMask = 2147483647;
			files = (
				A5C6C0761DE81D7C00A2A1B0 /* UIImageView+HighlightedWebCache.m in Sources */,
				A5C6C06A1DE81D7C00A2A1B0 /* NSData+ImageContentType.m in Sources */,
				A5C6C0701DE81D7C00A2A1B0 /* SDWebImageManager.m in Sources */,
				A5C6C06E1DE81D7C00A2A1B0 /* SDWebImageDownloader.m in Sources */,
				A5C6C0751DE81D7C00A2A1B0 /* UIImage+WebP.m in Sources */,
				A5C6C0781DE81D7C00A2A1B0 /* UIView+WebCacheOperation.m in Sources */,
				A5C6C06B1DE81D7C00A2A1B0 /* SDImageCache.m in Sources */,
				A5C6C01C1DE81D6400A2A1B0 /* ViewController.m in Sources */,
				A5C6C0691DE81D7C00A2A1B0 /* MKAnnotationView+WebCache.m in Sources */,
				A594878A1DED248B008A1FEC /* UIImage+LMImage.m in Sources */,
				A5C6C06D1DE81D7C00A2A1B0 /* SDWebImageDecoder.m in Sources */,
				A5C6C0741DE81D7C00A2A1B0 /* UIImage+MultiFormat.m in Sources */,
				A5C6C06F1DE81D7C00A2A1B0 /* SDWebImageDownloaderOperation.m in Sources */,
				A5C6C0191DE81D6400A2A1B0 /* AppDelegate.m in Sources */,
				A5C6C0721DE81D7C00A2A1B0 /* UIButton+WebCache.m in Sources */,
				A5C6C0711DE81D7C00A2A1B0 /* SDWebImagePrefetcher.m in Sources */,
				A5C6C0771DE81D7C00A2A1B0 /* UIImageView+WebCache.m in Sources */,
				A594878B1DED248B008A1FEC /* UIImageView+ProgressBar.m in Sources */,
				A5C6C06C1DE81D7C00A2A1B0 /* SDWebImageCompat.m in Sources */,
				A59487841DED2480008A1FEC /* SW_HexColor.m in Sources */,
				A5C6C0731DE81D7C00A2A1B0 /* UIImage+GIF.m in Sources */,
				A5C6C0161DE81D6400A2A1B0 /* main.m in Sources */,
			);
			runOnlyForDeploymentPostprocessing = 0;
		};
		A5C6C0261DE81D6400A2A1B0 /* Sources */ = {
			isa = PBXSourcesBuildPhase;
			buildActionMask = 2147483647;
			files = (
				A5C6C02F1DE81D6400A2A1B0 /* SDWebImage_testTests.m in Sources */,
			);
			runOnlyForDeploymentPostprocessing = 0;
		};
		A5C6C0311DE81D6400A2A1B0 /* Sources */ = {
			isa = PBXSourcesBuildPhase;
			buildActionMask = 2147483647;
			files = (
				A5C6C03A1DE81D6400A2A1B0 /* SDWebImage_testUITests.m in Sources */,
			);
			runOnlyForDeploymentPostprocessing = 0;
		};
/* End PBXSourcesBuildPhase section */

/* Begin PBXTargetDependency section */
		A5C6C02C1DE81D6400A2A1B0 /* PBXTargetDependency */ = {
			isa = PBXTargetDependency;
			target = A5C6C0101DE81D6400A2A1B0 /* SDWebImage_test */;
			targetProxy = A5C6C02B1DE81D6400A2A1B0 /* PBXContainerItemProxy */;
		};
		A5C6C0371DE81D6400A2A1B0 /* PBXTargetDependency */ = {
			isa = PBXTargetDependency;
			target = A5C6C0101DE81D6400A2A1B0 /* SDWebImage_test */;
			targetProxy = A5C6C0361DE81D6400A2A1B0 /* PBXContainerItemProxy */;
		};
/* End PBXTargetDependency section */

/* Begin PBXVariantGroup section */
		A5C6C01D1DE81D6400A2A1B0 /* Main.storyboard */ = {
			isa = PBXVariantGroup;
			children = (
				A5C6C01E1DE81D6400A2A1B0 /* Base */,
			);
			name = Main.storyboard;
			sourceTree = "<group>";
		};
		A5C6C0221DE81D6400A2A1B0 /* LaunchScreen.storyboard */ = {
			isa = PBXVariantGroup;
			children = (
				A5C6C0231DE81D6400A2A1B0 /* Base */,
			);
			name = LaunchScreen.storyboard;
			sourceTree = "<group>";
		};
/* End PBXVariantGroup section */

/* Begin XCBuildConfiguration section */
		A5C6C03C1DE81D6400A2A1B0 /* Debug */ = {
			isa = XCBuildConfiguration;
			buildSettings = {
				ALWAYS_SEARCH_USER_PATHS = NO;
				CLANG_ANALYZER_NONNULL = YES;
				CLANG_CXX_LANGUAGE_STANDARD = "gnu++0x";
				CLANG_CXX_LIBRARY = "libc++";
				CLANG_ENABLE_MODULES = YES;
				CLANG_ENABLE_OBJC_ARC = YES;
				CLANG_WARN_BOOL_CONVERSION = YES;
				CLANG_WARN_CONSTANT_CONVERSION = YES;
				CLANG_WARN_DIRECT_OBJC_ISA_USAGE = YES_ERROR;
				CLANG_WARN_DOCUMENTATION_COMMENTS = YES;
				CLANG_WARN_EMPTY_BODY = YES;
				CLANG_WARN_ENUM_CONVERSION = YES;
				CLANG_WARN_INFINITE_RECURSION = YES;
				CLANG_WARN_INT_CONVERSION = YES;
				CLANG_WARN_OBJC_ROOT_CLASS = YES_ERROR;
				CLANG_WARN_SUSPICIOUS_MOVES = YES;
				CLANG_WARN_UNREACHABLE_CODE = YES;
				CLANG_WARN__DUPLICATE_METHOD_MATCH = YES;
				"CODE_SIGN_IDENTITY[sdk=iphoneos*]" = "iPhone Developer";
				COPY_PHASE_STRIP = NO;
				DEBUG_INFORMATION_FORMAT = dwarf;
				ENABLE_STRICT_OBJC_MSGSEND = YES;
				ENABLE_TESTABILITY = YES;
				GCC_C_LANGUAGE_STANDARD = gnu99;
				GCC_DYNAMIC_NO_PIC = NO;
				GCC_NO_COMMON_BLOCKS = YES;
				GCC_OPTIMIZATION_LEVEL = 0;
				GCC_PREPROCESSOR_DEFINITIONS = (
					"DEBUG=1",
					"$(inherited)",
				);
				GCC_WARN_64_TO_32_BIT_CONVERSION = YES;
				GCC_WARN_ABOUT_RETURN_TYPE = YES_ERROR;
				GCC_WARN_UNDECLARED_SELECTOR = YES;
				GCC_WARN_UNINITIALIZED_AUTOS = YES_AGGRESSIVE;
				GCC_WARN_UNUSED_FUNCTION = YES;
				GCC_WARN_UNUSED_VARIABLE = YES;
				IPHONEOS_DEPLOYMENT_TARGET = 10.1;
				MTL_ENABLE_DEBUG_INFO = YES;
				ONLY_ACTIVE_ARCH = YES;
				SDKROOT = iphoneos;
				TARGETED_DEVICE_FAMILY = "1,2";
			};
			name = Debug;
		};
		A5C6C03D1DE81D6400A2A1B0 /* Release */ = {
			isa = XCBuildConfiguration;
			buildSettings = {
				ALWAYS_SEARCH_USER_PATHS = NO;
				CLANG_ANALYZER_NONNULL = YES;
				CLANG_CXX_LANGUAGE_STANDARD = "gnu++0x";
				CLANG_CXX_LIBRARY = "libc++";
				CLANG_ENABLE_MODULES = YES;
				CLANG_ENABLE_OBJC_ARC = YES;
				CLANG_WARN_BOOL_CONVERSION = YES;
				CLANG_WARN_CONSTANT_CONVERSION = YES;
				CLANG_WARN_DIRECT_OBJC_ISA_USAGE = YES_ERROR;
				CLANG_WARN_DOCUMENTATION_COMMENTS = YES;
				CLANG_WARN_EMPTY_BODY = YES;
				CLANG_WARN_ENUM_CONVERSION = YES;
				CLANG_WARN_INFINITE_RECURSION = YES;
				CLANG_WARN_INT_CONVERSION = YES;
				CLANG_WARN_OBJC_ROOT_CLASS = YES_ERROR;
				CLANG_WARN_SUSPICIOUS_MOVES = YES;
				CLANG_WARN_UNREACHABLE_CODE = YES;
				CLANG_WARN__DUPLICATE_METHOD_MATCH = YES;
				"CODE_SIGN_IDENTITY[sdk=iphoneos*]" = "iPhone Developer";
				COPY_PHASE_STRIP = NO;
				DEBUG_INFORMATION_FORMAT = "dwarf-with-dsym";
				ENABLE_NS_ASSERTIONS = NO;
				ENABLE_STRICT_OBJC_MSGSEND = YES;
				GCC_C_LANGUAGE_STANDARD = gnu99;
				GCC_NO_COMMON_BLOCKS = YES;
				GCC_WARN_64_TO_32_BIT_CONVERSION = YES;
				GCC_WARN_ABOUT_RETURN_TYPE = YES_ERROR;
				GCC_WARN_UNDECLARED_SELECTOR = YES;
				GCC_WARN_UNINITIALIZED_AUTOS = YES_AGGRESSIVE;
				GCC_WARN_UNUSED_FUNCTION = YES;
				GCC_WARN_UNUSED_VARIABLE = YES;
				IPHONEOS_DEPLOYMENT_TARGET = 10.1;
				MTL_ENABLE_DEBUG_INFO = NO;
				SDKROOT = iphoneos;
				TARGETED_DEVICE_FAMILY = "1,2";
				VALIDATE_PRODUCT = YES;
			};
			name = Release;
		};
		A5C6C03F1DE81D6400A2A1B0 /* Debug */ = {
			isa = XCBuildConfiguration;
			buildSettings = {
				ASSETCATALOG_COMPILER_APPICON_NAME = AppIcon;
				DEVELOPMENT_TEAM = Y9C893H7FQ;
				GCC_PRECOMPILE_PREFIX_HEADER = YES;
				GCC_PREFIX_HEADER = "$(SRCROOT)/SDWebImage_test/PrefixHeader.pch";
				INFOPLIST_FILE = SDWebImage_test/Info.plist;
				IPHONEOS_DEPLOYMENT_TARGET = 9.0;
				LD_RUNPATH_SEARCH_PATHS = "$(inherited) @executable_path/Frameworks";
				PRODUCT_BUNDLE_IDENTIFIER = "ysw.com.SDWebImage-test";
				PRODUCT_NAME = "$(TARGET_NAME)";
			};
			name = Debug;
		};
		A5C6C0401DE81D6400A2A1B0 /* Release */ = {
			isa = XCBuildConfiguration;
			buildSettings = {
				ASSETCATALOG_COMPILER_APPICON_NAME = AppIcon;
				DEVELOPMENT_TEAM = Y9C893H7FQ;
				GCC_PRECOMPILE_PREFIX_HEADER = YES;
				GCC_PREFIX_HEADER = "$(SRCROOT)/SDWebImage_test/PrefixHeader.pch";
				INFOPLIST_FILE = SDWebImage_test/Info.plist;
				IPHONEOS_DEPLOYMENT_TARGET = 9.0;
				LD_RUNPATH_SEARCH_PATHS = "$(inherited) @executable_path/Frameworks";
				PRODUCT_BUNDLE_IDENTIFIER = "ysw.com.SDWebImage-test";
				PRODUCT_NAME = "$(TARGET_NAME)";
			};
			name = Release;
		};
		A5C6C0421DE81D6400A2A1B0 /* Debug */ = {
			isa = XCBuildConfiguration;
			buildSettings = {
				BUNDLE_LOADER = "$(TEST_HOST)";
				DEVELOPMENT_TEAM = Y9C893H7FQ;
				INFOPLIST_FILE = SDWebImage_testTests/Info.plist;
				LD_RUNPATH_SEARCH_PATHS = "$(inherited) @executable_path/Frameworks @loader_path/Frameworks";
				PRODUCT_BUNDLE_IDENTIFIER = "ysw.com.SDWebImage-testTests";
				PRODUCT_NAME = "$(TARGET_NAME)";
				TEST_HOST = "$(BUILT_PRODUCTS_DIR)/SDWebImage_test.app/SDWebImage_test";
			};
			name = Debug;
		};
		A5C6C0431DE81D6400A2A1B0 /* Release */ = {
			isa = XCBuildConfiguration;
			buildSettings = {
				BUNDLE_LOADER = "$(TEST_HOST)";
				DEVELOPMENT_TEAM = Y9C893H7FQ;
				INFOPLIST_FILE = SDWebImage_testTests/Info.plist;
				LD_RUNPATH_SEARCH_PATHS = "$(inherited) @executable_path/Frameworks @loader_path/Frameworks";
				PRODUCT_BUNDLE_IDENTIFIER = "ysw.com.SDWebImage-testTests";
				PRODUCT_NAME = "$(TARGET_NAME)";
				TEST_HOST = "$(BUILT_PRODUCTS_DIR)/SDWebImage_test.app/SDWebImage_test";
			};
			name = Release;
		};
		A5C6C0451DE81D6400A2A1B0 /* Debug */ = {
			isa = XCBuildConfiguration;
			buildSettings = {
				DEVELOPMENT_TEAM = Y9C893H7FQ;
				INFOPLIST_FILE = SDWebImage_testUITests/Info.plist;
				LD_RUNPATH_SEARCH_PATHS = "$(inherited) @executable_path/Frameworks @loader_path/Frameworks";
				PRODUCT_BUNDLE_IDENTIFIER = "ysw.com.SDWebImage-testUITests";
				PRODUCT_NAME = "$(TARGET_NAME)";
				TEST_TARGET_NAME = SDWebImage_test;
			};
			name = Debug;
		};
		A5C6C0461DE81D6400A2A1B0 /* Release */ = {
			isa = XCBuildConfiguration;
			buildSettings = {
				DEVELOPMENT_TEAM = Y9C893H7FQ;
				INFOPLIST_FILE = SDWebImage_testUITests/Info.plist;
				LD_RUNPATH_SEARCH_PATHS = "$(inherited) @executable_path/Frameworks @loader_path/Frameworks";
				PRODUCT_BUNDLE_IDENTIFIER = "ysw.com.SDWebImage-testUITests";
				PRODUCT_NAME = "$(TARGET_NAME)";
				TEST_TARGET_NAME = SDWebImage_test;
			};
			name = Release;
		};
/* End XCBuildConfiguration section */

/* Begin XCConfigurationList section */
		A5C6C00C1DE81D6400A2A1B0 /* Build configuration list for PBXProject "SDWebImage_test" */ = {
			isa = XCConfigurationList;
			buildConfigurations = (
				A5C6C03C1DE81D6400A2A1B0 /* Debug */,
				A5C6C03D1DE81D6400A2A1B0 /* Release */,
			);
			defaultConfigurationIsVisible = 0;
			defaultConfigurationName = Release;
		};
		A5C6C03E1DE81D6400A2A1B0 /* Build configuration list for PBXNativeTarget "SDWebImage_test" */ = {
			isa = XCConfigurationList;
			buildConfigurations = (
				A5C6C03F1DE81D6400A2A1B0 /* Debug */,
				A5C6C0401DE81D6400A2A1B0 /* Release */,
			);
			defaultConfigurationIsVisible = 0;
			defaultConfigurationName = Release;
		};
		A5C6C0411DE81D6400A2A1B0 /* Build configuration list for PBXNativeTarget "SDWebImage_testTests" */ = {
			isa = XCConfigurationList;
			buildConfigurations = (
				A5C6C0421DE81D6400A2A1B0 /* Debug */,
				A5C6C0431DE81D6400A2A1B0 /* Release */,
			);
			defaultConfigurationIsVisible = 0;
			defaultConfigurationName = Release;
		};
		A5C6C0441DE81D6400A2A1B0 /* Build configuration list for PBXNativeTarget "SDWebImage_testUITests" */ = {
			isa = XCConfigurationList;
			buildConfigurations = (
				A5C6C0451DE81D6400A2A1B0 /* Debug */,
				A5C6C0461DE81D6400A2A1B0 /* Release */,
			);
			defaultConfigurationIsVisible = 0;
			defaultConfigurationName = Release;
		};
/* End XCConfigurationList section */
	};
	rootObject = A5C6C0091DE81D6400A2A1B0 /* Project object */;
}
